
Microsoft Visual Studio Solution File, Format Version 12.00
# Visual Studio Version 17
VisualStudioVersion = 17.7.34003.232
MinimumVisualStudioVersion = 10.0.40219.1
Project("{FAE04EC0-301F-11D3-BF4B-00C04F79EFBC}") = "fuggv szerepel", "fuggv szerepel\fuggv szerepel.csproj", "{6EF75D7B-AE07-4BE7-95BF-A93D08793BC3}"
EndProject
Global
	GlobalSection(SolutionConfigurationPlatforms) = preSolution
		Debug|Any CPU = Debug|Any CPU
		Release|Any CPU = Release|Any CPU
	EndGlobalSection
	GlobalSection(ProjectConfigurationPlatforms) = postSolution
		{6EF75D7B-AE07-4BE7-95BF-A93D08793BC3}.Debug|Any CPU.ActiveCfg = Debug|Any CPU
		{6EF75D7B-AE07-4BE7-95BF-A93D08793BC3}.Debug|Any CPU.Build.0 = Debug|Any CPU
		{6EF75D7B-AE07-4BE7-95BF-A93D08793BC3}.Release|Any CPU.ActiveCfg = Release|Any CPU
		{6EF75D7B-AE07-4BE7-95BF-A93D08793BC3}.Release|Any CPU.Build.0 = Release|Any CPU
	EndGlobalSection
	GlobalSection(SolutionProperties) = preSolution
		HideSolutionNode = FALSE
	EndGlobalSection
	GlobalSection(ExtensibilityGlobals) = postSolution
		SolutionGuid = {BF590D07-5982-40BF-9FE1-310A53918864}
	EndGlobalSection
EndGlobal
