
Microsoft Visual Studio Solution File, Format Version 12.00
# Visual Studio Version 17
VisualStudioVersion = 17.7.34003.232
MinimumVisualStudioVersion = 10.0.40219.1
Project("{FAE04EC0-301F-11D3-BF4B-00C04F79EFBC}") = "valamiuj", "valamiuj\valamiuj.csproj", "{31008B8D-4C85-4917-90DB-418F01F8E94E}"
EndProject
Global
	GlobalSection(SolutionConfigurationPlatforms) = preSolution
		Debug|Any CPU = Debug|Any CPU
		Release|Any CPU = Release|Any CPU
	EndGlobalSection
	GlobalSection(ProjectConfigurationPlatforms) = postSolution
		{31008B8D-4C85-4917-90DB-418F01F8E94E}.Debug|Any CPU.ActiveCfg = Debug|Any CPU
		{31008B8D-4C85-4917-90DB-418F01F8E94E}.Debug|Any CPU.Build.0 = Debug|Any CPU
		{31008B8D-4C85-4917-90DB-418F01F8E94E}.Release|Any CPU.ActiveCfg = Release|Any CPU
		{31008B8D-4C85-4917-90DB-418F01F8E94E}.Release|Any CPU.Build.0 = Release|Any CPU
	EndGlobalSection
	GlobalSection(SolutionProperties) = preSolution
		HideSolutionNode = FALSE
	EndGlobalSection
	GlobalSection(ExtensibilityGlobals) = postSolution
		SolutionGuid = {32177750-B7AB-41C0-B926-C1245041928C}
	EndGlobalSection
EndGlobal
