
Microsoft Visual Studio Solution File, Format Version 12.00
# Visual Studio Version 17
VisualStudioVersion = 17.7.34003.232
MinimumVisualStudioVersion = 10.0.40219.1
Project("{FAE04EC0-301F-11D3-BF4B-00C04F79EFBC}") = "jelszogen", "jelszogen\jelszogen.csproj", "{C1AF11C7-1FDC-46B0-BA53-291E325C18E4}"
EndProject
Global
	GlobalSection(SolutionConfigurationPlatforms) = preSolution
		Debug|Any CPU = Debug|Any CPU
		Release|Any CPU = Release|Any CPU
	EndGlobalSection
	GlobalSection(ProjectConfigurationPlatforms) = postSolution
		{C1AF11C7-1FDC-46B0-BA53-291E325C18E4}.Debug|Any CPU.ActiveCfg = Debug|Any CPU
		{C1AF11C7-1FDC-46B0-BA53-291E325C18E4}.Debug|Any CPU.Build.0 = Debug|Any CPU
		{C1AF11C7-1FDC-46B0-BA53-291E325C18E4}.Release|Any CPU.ActiveCfg = Release|Any CPU
		{C1AF11C7-1FDC-46B0-BA53-291E325C18E4}.Release|Any CPU.Build.0 = Release|Any CPU
	EndGlobalSection
	GlobalSection(SolutionProperties) = preSolution
		HideSolutionNode = FALSE
	EndGlobalSection
	GlobalSection(ExtensibilityGlobals) = postSolution
		SolutionGuid = {559EAFC4-45B2-4499-8149-D725F24C01D1}
	EndGlobalSection
EndGlobal
