
Microsoft Visual Studio Solution File, Format Version 12.00
# Visual Studio Version 17
VisualStudioVersion = 17.7.34003.232
MinimumVisualStudioVersion = 10.0.40219.1
Project("{FAE04EC0-301F-11D3-BF4B-00C04F79EFBC}") = "1", "1\1.csproj", "{6367D81F-C47C-4244-B1BC-635494DE44D1}"
EndProject
Global
	GlobalSection(SolutionConfigurationPlatforms) = preSolution
		Debug|Any CPU = Debug|Any CPU
		Release|Any CPU = Release|Any CPU
	EndGlobalSection
	GlobalSection(ProjectConfigurationPlatforms) = postSolution
		{6367D81F-C47C-4244-B1BC-635494DE44D1}.Debug|Any CPU.ActiveCfg = Debug|Any CPU
		{6367D81F-C47C-4244-B1BC-635494DE44D1}.Debug|Any CPU.Build.0 = Debug|Any CPU
		{6367D81F-C47C-4244-B1BC-635494DE44D1}.Release|Any CPU.ActiveCfg = Release|Any CPU
		{6367D81F-C47C-4244-B1BC-635494DE44D1}.Release|Any CPU.Build.0 = Release|Any CPU
	EndGlobalSection
	GlobalSection(SolutionProperties) = preSolution
		HideSolutionNode = FALSE
	EndGlobalSection
	GlobalSection(ExtensibilityGlobals) = postSolution
		SolutionGuid = {2FAF30CF-D6C6-41D8-9955-1FA3AD8A6C19}
	EndGlobalSection
EndGlobal
