
Microsoft Visual Studio Solution File, Format Version 12.00
# Visual Studio Version 17
VisualStudioVersion = 17.7.34003.232
MinimumVisualStudioVersion = 10.0.40219.1
Project("{FAE04EC0-301F-11D3-BF4B-00C04F79EFBC}") = "tombok", "tombok\tombok.csproj", "{200E5E8F-469F-4608-8284-1C0C88DB6C6A}"
EndProject
Global
	GlobalSection(SolutionConfigurationPlatforms) = preSolution
		Debug|Any CPU = Debug|Any CPU
		Release|Any CPU = Release|Any CPU
	EndGlobalSection
	GlobalSection(ProjectConfigurationPlatforms) = postSolution
		{200E5E8F-469F-4608-8284-1C0C88DB6C6A}.Debug|Any CPU.ActiveCfg = Debug|Any CPU
		{200E5E8F-469F-4608-8284-1C0C88DB6C6A}.Debug|Any CPU.Build.0 = Debug|Any CPU
		{200E5E8F-469F-4608-8284-1C0C88DB6C6A}.Release|Any CPU.ActiveCfg = Release|Any CPU
		{200E5E8F-469F-4608-8284-1C0C88DB6C6A}.Release|Any CPU.Build.0 = Release|Any CPU
	EndGlobalSection
	GlobalSection(SolutionProperties) = preSolution
		HideSolutionNode = FALSE
	EndGlobalSection
	GlobalSection(ExtensibilityGlobals) = postSolution
		SolutionGuid = {B2942257-2AD1-455D-AA7E-1D0814DF92C8}
	EndGlobalSection
EndGlobal
